{
  "name": "lodash",
  "version": "1.0.0",
  "lockfileVersion": 1,
  "requires": true,
  "dependencies": {
    "async": {
      "version": "3.2.2",
      "resolved": "http://172.30.2.91:4873/async/-/async-3.2.2.tgz",
      "integrity": "sha1-LrdnEDS7IZTUXTDjHiTsfn+WcM0="
    },
    "coffee-script": {
      "version": "1.12.7",
      "resolved": "http://172.30.2.91:4873/coffee-script/-/coffee-script-1.12.7.tgz",
      "integrity": "sha1-wF2uDLeVkdBbMHCoQzqYyaiczFM="
    },
    "deep-is": {
      "version": "0.1.4",
      "resolved": "http://172.30.2.91:4873/deep-is/-/deep-is-0.1.4.tgz",
      "integrity": "sha1-pvLc5hL63S7x9Rm3NVHxfoUZmDE="
    },
    "dependency": {
      "version": "0.0.1",
      "resolved": "http://172.30.2.91:4873/dependency/-/dependency-0.0.1.tgz",
      "integrity": "sha1-nuH1uqrpqQRb87IuJSgVBYdfNxo=",
      "requires": {
        "async": "^3.2.2",
        "coffee-script": "^1.12.7",
        "js2coffee": "^2.2.0",
        "underscore": "^1.13.1"
      }
    },
    "escodegen": {
      "version": "1.14.3",
      "resolved": "http://172.30.2.91:4873/escodegen/-/escodegen-1.14.3.tgz",
      "integrity": "sha1-TnuB+6YVgdyXWC7XjKt/Do1j9QM=",
      "requires": {
        "esprima": "^4.0.1",
        "estraverse": "^4.2.0",
        "esutils": "^2.0.2",
        "optionator": "^0.8.1",
        "source-map": "~0.6.1"
      },
      "dependencies": {
        "esprima": {
          "version": "4.0.1",
          "resolved": "http://172.30.2.91:4873/esprima/-/esprima-4.0.1.tgz",
          "integrity": "sha512-eGuFFw7Upda+g4p+QHvnW0RyTX/SVeJBDM/gCtMARO0cLuT2HcEKnTPvhjV6aGeqrCB/sbNop0Kszm0jsaWU4A=="
        },
        "source-map": {
          "version": "0.6.1",
          "resolved": "http://172.30.2.91:4873/source-map/-/source-map-0.6.1.tgz",
          "integrity": "sha512-UjgapumWlbMhkBgzT7Ykc5YXUT46F0iKu8SGXq0bcwP5dz/h0Plj6enJqjz1Zbq2l5WaqYnrVbwWOWMyF3F47g==",
          "optional": true
        }
      }
    },
    "esprima": {
      "version": "2.7.3",
      "resolved": "http://172.30.2.91:4873/esprima/-/esprima-2.7.3.tgz",
      "integrity": "sha1-luO3DVd59q1JzQMmc9HDEnZ7pYE="
    },
    "estraverse": {
      "version": "4.3.0",
      "resolved": "http://172.30.2.91:4873/estraverse/-/estraverse-4.3.0.tgz",
      "integrity": "sha512-39nnKffWz8xN1BU/2c79n9nB9HDzo0niYUqx6xyqUnyoAnQyyWpOTdZEeiCch8BBu515t4wp9ZmgVfVhn9EBpw=="
    },
    "esutils": {
      "version": "2.0.3",
      "resolved": "http://172.30.2.91:4873/esutils/-/esutils-2.0.3.tgz",
      "integrity": "sha512-kVscqXk4OCp68SZ0dkgEKVi6/8ij300KBWTJq32P/dYeWTSwK41WyTxalN1eRmA5Z9UU/LX9D7FWSmV9SAYx6g=="
    },
    "fast-levenshtein": {
      "version": "2.0.6",
      "resolved": "http://172.30.2.91:4873/fast-levenshtein/-/fast-levenshtein-2.0.6.tgz",
      "integrity": "sha1-PYpcZog6FqMMqGQ+hR8Zuqd5eRc="
    },
    "js2coffee": {
      "version": "2.2.0",
      "resolved": "http://172.30.2.91:4873/js2coffee/-/js2coffee-2.2.0.tgz",
      "integrity": "sha1-ghqu9iu+41op6owEdeIP6fEAQ8U=",
      "requires": {
        "escodegen": "^1.6.0",
        "esprima": "^2.5.0",
        "estraverse": "^4.1.1",
        "minimist": "^1.1.0",
        "read-input": "^0.3.1",
        "source-map": "^0.5.2"
      }
    },
    "levn": {
      "version": "0.3.0",
      "resolved": "http://172.30.2.91:4873/levn/-/levn-0.3.0.tgz",
      "integrity": "sha1-OwmSTt+fCDwEkP3UwLxEIeBHZO4=",
      "requires": {
        "prelude-ls": "~1.1.2",
        "type-check": "~0.3.2"
      }
    },
    "minimist": {
      "version": "1.2.5",
      "resolved": "http://172.30.2.91:4873/minimist/-/minimist-1.2.5.tgz",
      "integrity": "sha512-FM9nNUYrRBAELZQT3xeZQ7fmMOBg6nWNmJKTcgsJeaLstP/UODVpGsr5OhXhhXg6f+qtJ8uiZ+PUxkDWcgIXLw=="
    },
    "optionator": {
      "version": "0.8.3",
      "resolved": "http://172.30.2.91:4873/optionator/-/optionator-0.8.3.tgz",
      "integrity": "sha512-+IW9pACdk3XWmmTXG8m3upGUJst5XRGzxMRjXzAuJ1XnIFNvfhjjIuYkDvysnPQ7qzqVzLt78BCruntqRhWQbA==",
      "requires": {
        "deep-is": "~0.1.3",
        "fast-levenshtein": "~2.0.6",
        "levn": "~0.3.0",
        "prelude-ls": "~1.1.2",
        "type-check": "~0.3.2",
        "word-wrap": "~1.2.3"
      }
    },
    "prelude-ls": {
      "version": "1.1.2",
      "resolved": "http://172.30.2.91:4873/prelude-ls/-/prelude-ls-1.1.2.tgz",
      "integrity": "sha1-IZMqVJ9eUv/ZqCf1cOBL5iqX2lQ="
    },
    "read-input": {
      "version": "0.3.1",
      "resolved": "http://172.30.2.91:4873/read-input/-/read-input-0.3.1.tgz",
      "integrity": "sha1-WzFpMIATRk/9puyS5Y0tPOqUjfE="
    },
    "source-map": {
      "version": "0.5.7",
      "resolved": "http://172.30.2.91:4873/source-map/-/source-map-0.5.7.tgz",
      "integrity": "sha1-igOdLRAh0i0eoUyA2OpGi6LvP8w="
    },
    "type-check": {
      "version": "0.3.2",
      "resolved": "http://172.30.2.91:4873/type-check/-/type-check-0.3.2.tgz",
      "integrity": "sha1-WITKtRLPHTVeP7eE8wgEsrUg23I=",
      "requires": {
        "prelude-ls": "~1.1.2"
      }
    },
    "underscore": {
      "version": "1.13.1",
      "resolved": "http://172.30.2.91:4873/underscore/-/underscore-1.13.1.tgz",
      "integrity": "sha1-DBxr0t9UtrafIxQGbWW2zeb8+dE="
    },
    "word-wrap": {
      "version": "1.2.3",
      "resolved": "http://172.30.2.91:4873/word-wrap/-/word-wrap-1.2.3.tgz",
      "integrity": "sha512-Hz/mrNwitNRh/HUAtM/VT/5VH+ygD6DV7mYKZAtHOrbs8U7lvPS6xf7EJKMF0uW1KJCl0H701g3ZGus+muE5vQ=="
    }
  }
}
